
Microsoft Visual Studio Solution File, Format Version 12.00
# Visual Studio Version 17
VisualStudioVersion = 17.1.32328.378
MinimumVisualStudioVersion = 10.0.40219.1
Project("{FAE04EC0-301F-11D3-BF4B-00C04F79EFBC}") = "CombiSystems.Business", "CombiSystems.Business\CombiSystems.Business.csproj", "{CA859DEA-C7E3-43DE-A506-8C83BB2AA9B9}"
EndProject
Project("{FAE04EC0-301F-11D3-BF4B-00C04F79EFBC}") = "CombiSystems.Core", "CombiSystems.Core\CombiSystems.Core.csproj", "{F36DC66F-018A-4263-BBAA-41BF97841823}"
EndProject
Project("{FAE04EC0-301F-11D3-BF4B-00C04F79EFBC}") = "CombiSystems.Data", "CombiSystems.Data\CombiSystems.Data.csproj", "{A554996E-CE81-4616-B30C-EFC0BA526116}"
EndProject
Project("{FAE04EC0-301F-11D3-BF4B-00C04F79EFBC}") = "CombiSystems.Web", "CombiSystems.Web\CombiSystems.Web.csproj", "{F171653C-EF5D-44DA-89C7-0792EF3403A7}"
EndProject
Global
	GlobalSection(SolutionConfigurationPlatforms) = preSolution
		Debug|Any CPU = Debug|Any CPU
		Release|Any CPU = Release|Any CPU
	EndGlobalSection
	GlobalSection(ProjectConfigurationPlatforms) = postSolution
		{CA859DEA-C7E3-43DE-A506-8C83BB2AA9B9}.Debug|Any CPU.ActiveCfg = Debug|Any CPU
		{CA859DEA-C7E3-43DE-A506-8C83BB2AA9B9}.Debug|Any CPU.Build.0 = Debug|Any CPU
		{CA859DEA-C7E3-43DE-A506-8C83BB2AA9B9}.Release|Any CPU.ActiveCfg = Release|Any CPU
		{CA859DEA-C7E3-43DE-A506-8C83BB2AA9B9}.Release|Any CPU.Build.0 = Release|Any CPU
		{F36DC66F-018A-4263-BBAA-41BF97841823}.Debug|Any CPU.ActiveCfg = Debug|Any CPU
		{F36DC66F-018A-4263-BBAA-41BF97841823}.Debug|Any CPU.Build.0 = Debug|Any CPU
		{F36DC66F-018A-4263-BBAA-41BF97841823}.Release|Any CPU.ActiveCfg = Release|Any CPU
		{F36DC66F-018A-4263-BBAA-41BF97841823}.Release|Any CPU.Build.0 = Release|Any CPU
		{A554996E-CE81-4616-B30C-EFC0BA526116}.Debug|Any CPU.ActiveCfg = Debug|Any CPU
		{A554996E-CE81-4616-B30C-EFC0BA526116}.Debug|Any CPU.Build.0 = Debug|Any CPU
		{A554996E-CE81-4616-B30C-EFC0BA526116}.Release|Any CPU.ActiveCfg = Release|Any CPU
		{A554996E-CE81-4616-B30C-EFC0BA526116}.Release|Any CPU.Build.0 = Release|Any CPU
		{F171653C-EF5D-44DA-89C7-0792EF3403A7}.Debug|Any CPU.ActiveCfg = Debug|Any CPU
		{F171653C-EF5D-44DA-89C7-0792EF3403A7}.Debug|Any CPU.Build.0 = Debug|Any CPU
		{F171653C-EF5D-44DA-89C7-0792EF3403A7}.Release|Any CPU.ActiveCfg = Release|Any CPU
		{F171653C-EF5D-44DA-89C7-0792EF3403A7}.Release|Any CPU.Build.0 = Release|Any CPU
	EndGlobalSection
	GlobalSection(SolutionProperties) = preSolution
		HideSolutionNode = FALSE
	EndGlobalSection
	GlobalSection(ExtensibilityGlobals) = postSolution
		SolutionGuid = {5C1B5DF3-F811-4A5D-AC11-DCAC5D61D704}
	EndGlobalSection
EndGlobal
